
Microsoft Visual Studio Solution File, Format Version 12.00
# Visual Studio Version 17
VisualStudioVersion = 17.4.33403.182
MinimumVisualStudioVersion = 10.0.40219.1
Project("{9A19103F-16F7-4668-BE54-9A1E7A4F7556}") = "Bot.Web", "Bot.Web.csproj", "{35547553-DE3B-40BD-A133-3765D3947C21}"
EndProject
Global
	GlobalSection(SolutionConfigurationPlatforms) = preSolution
		Debug|Any CPU = Debug|Any CPU
		Release|Any CPU = Release|Any CPU
	EndGlobalSection
	GlobalSection(ProjectConfigurationPlatforms) = postSolution
		{35547553-DE3B-40BD-A133-3765D3947C21}.Debug|Any CPU.ActiveCfg = Debug|Any CPU
		{35547553-DE3B-40BD-A133-3765D3947C21}.Debug|Any CPU.Build.0 = Debug|Any CPU
		{35547553-DE3B-40BD-A133-3765D3947C21}.Release|Any CPU.ActiveCfg = Release|Any CPU
		{35547553-DE3B-40BD-A133-3765D3947C21}.Release|Any CPU.Build.0 = Release|Any CPU
	EndGlobalSection
	GlobalSection(SolutionProperties) = preSolution
		HideSolutionNode = FALSE
	EndGlobalSection
	GlobalSection(ExtensibilityGlobals) = postSolution
		SolutionGuid = {8EFCB724-C862-467B-BE33-A2BF636BB8F7}
	EndGlobalSection
EndGlobal
